
Microsoft Visual Studio Solution File, Format Version 12.00
# Visual Studio Version 16
VisualStudioVersion = 16.0.30611.23
MinimumVisualStudioVersion = 10.0.40219.1
Project("{8BC9CEB8-8B4A-11D0-8D11-00A0C91BC942}") = "January", "January\January.vcxproj", "{6F38DDB7-8889-42AF-9968-394428FDFEEC}"
EndProject
Project("{8BC9CEB8-8B4A-11D0-8D11-00A0C91BC942}") = "February", "February\February.vcxproj", "{1BB874D7-FC56-4AD9-B294-824AA9F79100}"
EndProject
Global
	GlobalSection(SolutionConfigurationPlatforms) = preSolution
		Debug|x64 = Debug|x64
		Debug|x86 = Debug|x86
		Release|x64 = Release|x64
		Release|x86 = Release|x86
	EndGlobalSection
	GlobalSection(ProjectConfigurationPlatforms) = postSolution
		{6F38DDB7-8889-42AF-9968-394428FDFEEC}.Debug|x64.ActiveCfg = Debug|x64
		{6F38DDB7-8889-42AF-9968-394428FDFEEC}.Debug|x64.Build.0 = Debug|x64
		{6F38DDB7-8889-42AF-9968-394428FDFEEC}.Debug|x86.ActiveCfg = Debug|Win32
		{6F38DDB7-8889-42AF-9968-394428FDFEEC}.Debug|x86.Build.0 = Debug|Win32
		{6F38DDB7-8889-42AF-9968-394428FDFEEC}.Release|x64.ActiveCfg = Release|x64
		{6F38DDB7-8889-42AF-9968-394428FDFEEC}.Release|x64.Build.0 = Release|x64
		{6F38DDB7-8889-42AF-9968-394428FDFEEC}.Release|x86.ActiveCfg = Release|Win32
		{6F38DDB7-8889-42AF-9968-394428FDFEEC}.Release|x86.Build.0 = Release|Win32
		{1BB874D7-FC56-4AD9-B294-824AA9F79100}.Debug|x64.ActiveCfg = Debug|x64
		{1BB874D7-FC56-4AD9-B294-824AA9F79100}.Debug|x64.Build.0 = Debug|x64
		{1BB874D7-FC56-4AD9-B294-824AA9F79100}.Debug|x86.ActiveCfg = Debug|Win32
		{1BB874D7-FC56-4AD9-B294-824AA9F79100}.Debug|x86.Build.0 = Debug|Win32
		{1BB874D7-FC56-4AD9-B294-824AA9F79100}.Release|x64.ActiveCfg = Release|x64
		{1BB874D7-FC56-4AD9-B294-824AA9F79100}.Release|x64.Build.0 = Release|x64
		{1BB874D7-FC56-4AD9-B294-824AA9F79100}.Release|x86.ActiveCfg = Release|Win32
		{1BB874D7-FC56-4AD9-B294-824AA9F79100}.Release|x86.Build.0 = Release|Win32
	EndGlobalSection
	GlobalSection(SolutionProperties) = preSolution
		HideSolutionNode = FALSE
	EndGlobalSection
	GlobalSection(ExtensibilityGlobals) = postSolution
		SolutionGuid = {B8A1EB2B-556A-4A4B-B291-2878731FECC4}
	EndGlobalSection
EndGlobal
